PODS:
  - BSText (1.0.1):
    - YYImage
  - YYCache (1.0.4)
  - YYImage (1.0.4):
    - YYImage/Core (= 1.0.4)
  - YYImage/Core (1.0.4)
  - YYWebImage (1.0.5):
    - YYCache
    - YYImage

DEPENDENCIES:
  - BSText (from `../BSText.podspec`)
  - YYWebImage

SPEC REPOS:
  https://github.com/cocoapods/specs.git:
    - YYCache
    - YYImage
    - YYWebImage

EXTERNAL SOURCES:
  BSText:
    :path: "../BSText.podspec"

SPEC CHECKSUMS:
  BSText: 29e7ec6022b44ab6fb14f5ed13ab7fc6e859b2ac
  YYCache: 8105b6638f5e849296c71f331ff83891a4942952
  YYImage: 1e1b62a9997399593e4b9c4ecfbbabbf1d3f3b54
  YYWebImage: 5f7f36aee2ae293f016d418c7d6ba05c4863e928

PODFILE CHECKSUM: 0d1529421267ee6c353a588143d9ebbcd9a2a5f0

COCOAPODS: 1.6.1
